
Microsoft Visual Studio Solution File, Format Version 12.00
# Visual Studio Version 17
VisualStudioVersion = 17.8.34525.116
MinimumVisualStudioVersion = 10.0.40219.1
Project("{FAE04EC0-301F-11D3-BF4B-00C04F79EFBC}") = "Presintationlayer", "GSMS\Presintationlayer.csproj", "{4F211F84-7BC1-4D0A-B43A-BFCAB2FA241E}"
EndProject
Project("{FAE04EC0-301F-11D3-BF4B-00C04F79EFBC}") = "ApplicationLayer", "ApplicationLayer\ApplicationLayer.csproj", "{0BAF92F7-413C-4B21-8167-4D65CBCA3367}"
EndProject
Project("{FAE04EC0-301F-11D3-BF4B-00C04F79EFBC}") = "DomainLayer", "DomainLayer\DomainLayer.csproj", "{C36A694B-7CD3-495D-A172-380B58B65203}"
EndProject
Project("{FAE04EC0-301F-11D3-BF4B-00C04F79EFBC}") = "Infrastructurlayer", "Infrastructurlayer\Infrastructurlayer.csproj", "{EE3AE2D7-5D45-409B-A4CB-2AAD24109165}"
EndProject
Global
	GlobalSection(SolutionConfigurationPlatforms) = preSolution
		Debug|Any CPU = Debug|Any CPU
		Release|Any CPU = Release|Any CPU
	EndGlobalSection
	GlobalSection(ProjectConfigurationPlatforms) = postSolution
		{4F211F84-7BC1-4D0A-B43A-BFCAB2FA241E}.Debug|Any CPU.ActiveCfg = Debug|Any CPU
		{4F211F84-7BC1-4D0A-B43A-BFCAB2FA241E}.Debug|Any CPU.Build.0 = Debug|Any CPU
		{4F211F84-7BC1-4D0A-B43A-BFCAB2FA241E}.Release|Any CPU.ActiveCfg = Release|Any CPU
		{4F211F84-7BC1-4D0A-B43A-BFCAB2FA241E}.Release|Any CPU.Build.0 = Release|Any CPU
		{0BAF92F7-413C-4B21-8167-4D65CBCA3367}.Debug|Any CPU.ActiveCfg = Debug|Any CPU
		{0BAF92F7-413C-4B21-8167-4D65CBCA3367}.Debug|Any CPU.Build.0 = Debug|Any CPU
		{0BAF92F7-413C-4B21-8167-4D65CBCA3367}.Release|Any CPU.ActiveCfg = Release|Any CPU
		{0BAF92F7-413C-4B21-8167-4D65CBCA3367}.Release|Any CPU.Build.0 = Release|Any CPU
		{C36A694B-7CD3-495D-A172-380B58B65203}.Debug|Any CPU.ActiveCfg = Debug|Any CPU
		{C36A694B-7CD3-495D-A172-380B58B65203}.Debug|Any CPU.Build.0 = Debug|Any CPU
		{C36A694B-7CD3-495D-A172-380B58B65203}.Release|Any CPU.ActiveCfg = Release|Any CPU
		{C36A694B-7CD3-495D-A172-380B58B65203}.Release|Any CPU.Build.0 = Release|Any CPU
		{EE3AE2D7-5D45-409B-A4CB-2AAD24109165}.Debug|Any CPU.ActiveCfg = Debug|Any CPU
		{EE3AE2D7-5D45-409B-A4CB-2AAD24109165}.Debug|Any CPU.Build.0 = Debug|Any CPU
		{EE3AE2D7-5D45-409B-A4CB-2AAD24109165}.Release|Any CPU.ActiveCfg = Release|Any CPU
		{EE3AE2D7-5D45-409B-A4CB-2AAD24109165}.Release|Any CPU.Build.0 = Release|Any CPU
	EndGlobalSection
	GlobalSection(SolutionProperties) = preSolution
		HideSolutionNode = FALSE
	EndGlobalSection
	GlobalSection(ExtensibilityGlobals) = postSolution
		SolutionGuid = {8827A175-5D55-488B-A2D9-8FB4F91497B5}
	EndGlobalSection
EndGlobal
